
Microsoft Visual Studio Solution File, Format Version 12.00
# Visual Studio 14
VisualStudioVersion = 14.0.25420.1
MinimumVisualStudioVersion = 10.0.40219.1
Project("{FAE04EC0-301F-11D3-BF4B-00C04F79EFBC}") = "DH.Media.API", "DH.Media.API\DH.Media.API.csproj", "{CA553B5B-AE94-4EF9-853C-B17EAE43609E}"
EndProject
Project("{2150E333-8FDC-42A3-9474-1A3956D46DE8}") = "Core", "Core", "{4CCBDF18-2808-4D5C-8D8E-8BD7E10D62A7}"
EndProject
Project("{2150E333-8FDC-42A3-9474-1A3956D46DE8}") = "Infrastructure", "Infrastructure", "{3A68F61D-EFAE-4804-8575-4694AE36CC4B}"
EndProject
Project("{2150E333-8FDC-42A3-9474-1A3956D46DE8}") = "Client", "Client", "{9DAD0B7B-D8CC-4D0C-916B-448AE7EBB7B2}"
EndProject
Project("{FAE04EC0-301F-11D3-BF4B-00C04F79EFBC}") = "DH.Media.Core.Application", "DH.Media.Core.Application\DH.Media.Core.Application.csproj", "{F1253C90-D844-4031-982C-E539E3E73900}"
EndProject
Project("{2150E333-8FDC-42A3-9474-1A3956D46DE8}") = "Test", "Test", "{AC0F29A9-9E60-4C97-A366-BED0073EC09E}"
EndProject
Project("{FAE04EC0-301F-11D3-BF4B-00C04F79EFBC}") = "DH.Media.API.UnitTest", "DH.Media.API.UnitTest\DH.Media.API.UnitTest.csproj", "{8C786ED6-F889-481B-A819-D695C825F386}"
EndProject
Project("{FAE04EC0-301F-11D3-BF4B-00C04F79EFBC}") = "DH.Media.Core.Application.UnitTest", "DH.Media.Core.Application.UnitTest\DH.Media.Core.Application.UnitTest.csproj", "{978B1789-ECBD-4C90-B23F-3CF9D8E8EAE6}"
EndProject
Project("{FAE04EC0-301F-11D3-BF4B-00C04F79EFBC}") = "DH.Media.Infrastructure.Media", "DH.Media.Infrastructure.MediaSite\DH.Media.Infrastructure.Media.csproj", "{BD699A01-F2EF-466A-87AD-DB6901B2262A}"
EndProject
Project("{FAE04EC0-301F-11D3-BF4B-00C04F79EFBC}") = "DH.Media.Core.Integration", "DH.Media.Core.Integration\DH.Media.Core.Integration.csproj", "{8F9C4954-B60B-4959-9CC6-C6036E3F8390}"
EndProject
Project("{FAE04EC0-301F-11D3-BF4B-00C04F79EFBC}") = "DH.Media.Core.Enterprise", "DH.Media.Core.Enterprise\DH.Media.Core.Enterprise.csproj", "{767C1094-314B-4853-9B21-D1FACEB8D3C4}"
EndProject
Global
	GlobalSection(SolutionConfigurationPlatforms) = preSolution
		Debug|Any CPU = Debug|Any CPU
		Dev|Any CPU = Dev|Any CPU
		Prod|Any CPU = Prod|Any CPU
		QA|Any CPU = QA|Any CPU
		Release|Any CPU = Release|Any CPU
		Stage|Any CPU = Stage|Any CPU
	EndGlobalSection
	GlobalSection(ProjectConfigurationPlatforms) = postSolution
		{CA553B5B-AE94-4EF9-853C-B17EAE43609E}.Debug|Any CPU.ActiveCfg = Dev|Any CPU
		{CA553B5B-AE94-4EF9-853C-B17EAE43609E}.Debug|Any CPU.Build.0 = Dev|Any CPU
		{CA553B5B-AE94-4EF9-853C-B17EAE43609E}.Dev|Any CPU.ActiveCfg = Dev|Any CPU
		{CA553B5B-AE94-4EF9-853C-B17EAE43609E}.Dev|Any CPU.Build.0 = Dev|Any CPU
		{CA553B5B-AE94-4EF9-853C-B17EAE43609E}.Prod|Any CPU.ActiveCfg = Prod|Any CPU
		{CA553B5B-AE94-4EF9-853C-B17EAE43609E}.Prod|Any CPU.Build.0 = Prod|Any CPU
		{CA553B5B-AE94-4EF9-853C-B17EAE43609E}.QA|Any CPU.ActiveCfg = QA|Any CPU
		{CA553B5B-AE94-4EF9-853C-B17EAE43609E}.QA|Any CPU.Build.0 = QA|Any CPU
		{CA553B5B-AE94-4EF9-853C-B17EAE43609E}.Release|Any CPU.ActiveCfg = Release|Any CPU
		{CA553B5B-AE94-4EF9-853C-B17EAE43609E}.Release|Any CPU.Build.0 = Release|Any CPU
		{CA553B5B-AE94-4EF9-853C-B17EAE43609E}.Stage|Any CPU.ActiveCfg = Stage|Any CPU
		{CA553B5B-AE94-4EF9-853C-B17EAE43609E}.Stage|Any CPU.Build.0 = Stage|Any CPU
		{F1253C90-D844-4031-982C-E539E3E73900}.Debug|Any CPU.ActiveCfg = Debug|Any CPU
		{F1253C90-D844-4031-982C-E539E3E73900}.Debug|Any CPU.Build.0 = Debug|Any CPU
		{F1253C90-D844-4031-982C-E539E3E73900}.Dev|Any CPU.ActiveCfg = Debug|Any CPU
		{F1253C90-D844-4031-982C-E539E3E73900}.Dev|Any CPU.Build.0 = Debug|Any CPU
		{F1253C90-D844-4031-982C-E539E3E73900}.Prod|Any CPU.ActiveCfg = Release|Any CPU
		{F1253C90-D844-4031-982C-E539E3E73900}.Prod|Any CPU.Build.0 = Release|Any CPU
		{F1253C90-D844-4031-982C-E539E3E73900}.QA|Any CPU.ActiveCfg = Release|Any CPU
		{F1253C90-D844-4031-982C-E539E3E73900}.QA|Any CPU.Build.0 = Release|Any CPU
		{F1253C90-D844-4031-982C-E539E3E73900}.Release|Any CPU.ActiveCfg = Release|Any CPU
		{F1253C90-D844-4031-982C-E539E3E73900}.Release|Any CPU.Build.0 = Release|Any CPU
		{F1253C90-D844-4031-982C-E539E3E73900}.Stage|Any CPU.ActiveCfg = Release|Any CPU
		{F1253C90-D844-4031-982C-E539E3E73900}.Stage|Any CPU.Build.0 = Release|Any CPU
		{8C786ED6-F889-481B-A819-D695C825F386}.Debug|Any CPU.ActiveCfg = Debug|Any CPU
		{8C786ED6-F889-481B-A819-D695C825F386}.Debug|Any CPU.Build.0 = Debug|Any CPU
		{8C786ED6-F889-481B-A819-D695C825F386}.Dev|Any CPU.ActiveCfg = Debug|Any CPU
		{8C786ED6-F889-481B-A819-D695C825F386}.Dev|Any CPU.Build.0 = Debug|Any CPU
		{8C786ED6-F889-481B-A819-D695C825F386}.Prod|Any CPU.ActiveCfg = Release|Any CPU
		{8C786ED6-F889-481B-A819-D695C825F386}.Prod|Any CPU.Build.0 = Release|Any CPU
		{8C786ED6-F889-481B-A819-D695C825F386}.QA|Any CPU.ActiveCfg = Release|Any CPU
		{8C786ED6-F889-481B-A819-D695C825F386}.QA|Any CPU.Build.0 = Release|Any CPU
		{8C786ED6-F889-481B-A819-D695C825F386}.Release|Any CPU.ActiveCfg = Release|Any CPU
		{8C786ED6-F889-481B-A819-D695C825F386}.Release|Any CPU.Build.0 = Release|Any CPU
		{8C786ED6-F889-481B-A819-D695C825F386}.Stage|Any CPU.ActiveCfg = Release|Any CPU
		{8C786ED6-F889-481B-A819-D695C825F386}.Stage|Any CPU.Build.0 = Release|Any CPU
		{978B1789-ECBD-4C90-B23F-3CF9D8E8EAE6}.Debug|Any CPU.ActiveCfg = Debug|Any CPU
		{978B1789-ECBD-4C90-B23F-3CF9D8E8EAE6}.Debug|Any CPU.Build.0 = Debug|Any CPU
		{978B1789-ECBD-4C90-B23F-3CF9D8E8EAE6}.Dev|Any CPU.ActiveCfg = Debug|Any CPU
		{978B1789-ECBD-4C90-B23F-3CF9D8E8EAE6}.Dev|Any CPU.Build.0 = Debug|Any CPU
		{978B1789-ECBD-4C90-B23F-3CF9D8E8EAE6}.Prod|Any CPU.ActiveCfg = Release|Any CPU
		{978B1789-ECBD-4C90-B23F-3CF9D8E8EAE6}.Prod|Any CPU.Build.0 = Release|Any CPU
		{978B1789-ECBD-4C90-B23F-3CF9D8E8EAE6}.QA|Any CPU.ActiveCfg = Release|Any CPU
		{978B1789-ECBD-4C90-B23F-3CF9D8E8EAE6}.QA|Any CPU.Build.0 = Release|Any CPU
		{978B1789-ECBD-4C90-B23F-3CF9D8E8EAE6}.Release|Any CPU.ActiveCfg = Release|Any CPU
		{978B1789-ECBD-4C90-B23F-3CF9D8E8EAE6}.Release|Any CPU.Build.0 = Release|Any CPU
		{978B1789-ECBD-4C90-B23F-3CF9D8E8EAE6}.Stage|Any CPU.ActiveCfg = Release|Any CPU
		{978B1789-ECBD-4C90-B23F-3CF9D8E8EAE6}.Stage|Any CPU.Build.0 = Release|Any CPU
		{BD699A01-F2EF-466A-87AD-DB6901B2262A}.Debug|Any CPU.ActiveCfg = Debug|Any CPU
		{BD699A01-F2EF-466A-87AD-DB6901B2262A}.Debug|Any CPU.Build.0 = Debug|Any CPU
		{BD699A01-F2EF-466A-87AD-DB6901B2262A}.Dev|Any CPU.ActiveCfg = Debug|Any CPU
		{BD699A01-F2EF-466A-87AD-DB6901B2262A}.Dev|Any CPU.Build.0 = Debug|Any CPU
		{BD699A01-F2EF-466A-87AD-DB6901B2262A}.Prod|Any CPU.ActiveCfg = Release|Any CPU
		{BD699A01-F2EF-466A-87AD-DB6901B2262A}.Prod|Any CPU.Build.0 = Release|Any CPU
		{BD699A01-F2EF-466A-87AD-DB6901B2262A}.QA|Any CPU.ActiveCfg = Release|Any CPU
		{BD699A01-F2EF-466A-87AD-DB6901B2262A}.QA|Any CPU.Build.0 = Release|Any CPU
		{BD699A01-F2EF-466A-87AD-DB6901B2262A}.Release|Any CPU.ActiveCfg = Release|Any CPU
		{BD699A01-F2EF-466A-87AD-DB6901B2262A}.Release|Any CPU.Build.0 = Release|Any CPU
		{BD699A01-F2EF-466A-87AD-DB6901B2262A}.Stage|Any CPU.ActiveCfg = Release|Any CPU
		{BD699A01-F2EF-466A-87AD-DB6901B2262A}.Stage|Any CPU.Build.0 = Release|Any CPU
		{8F9C4954-B60B-4959-9CC6-C6036E3F8390}.Debug|Any CPU.ActiveCfg = Debug|Any CPU
		{8F9C4954-B60B-4959-9CC6-C6036E3F8390}.Debug|Any CPU.Build.0 = Debug|Any CPU
		{8F9C4954-B60B-4959-9CC6-C6036E3F8390}.Dev|Any CPU.ActiveCfg = Debug|Any CPU
		{8F9C4954-B60B-4959-9CC6-C6036E3F8390}.Dev|Any CPU.Build.0 = Debug|Any CPU
		{8F9C4954-B60B-4959-9CC6-C6036E3F8390}.Prod|Any CPU.ActiveCfg = Release|Any CPU
		{8F9C4954-B60B-4959-9CC6-C6036E3F8390}.Prod|Any CPU.Build.0 = Release|Any CPU
		{8F9C4954-B60B-4959-9CC6-C6036E3F8390}.QA|Any CPU.ActiveCfg = Release|Any CPU
		{8F9C4954-B60B-4959-9CC6-C6036E3F8390}.QA|Any CPU.Build.0 = Release|Any CPU
		{8F9C4954-B60B-4959-9CC6-C6036E3F8390}.Release|Any CPU.ActiveCfg = Release|Any CPU
		{8F9C4954-B60B-4959-9CC6-C6036E3F8390}.Release|Any CPU.Build.0 = Release|Any CPU
		{8F9C4954-B60B-4959-9CC6-C6036E3F8390}.Stage|Any CPU.ActiveCfg = Release|Any CPU
		{8F9C4954-B60B-4959-9CC6-C6036E3F8390}.Stage|Any CPU.Build.0 = Release|Any CPU
		{767C1094-314B-4853-9B21-D1FACEB8D3C4}.Debug|Any CPU.ActiveCfg = Dev|Any CPU
		{767C1094-314B-4853-9B21-D1FACEB8D3C4}.Debug|Any CPU.Build.0 = Dev|Any CPU
		{767C1094-314B-4853-9B21-D1FACEB8D3C4}.Dev|Any CPU.ActiveCfg = Dev|Any CPU
		{767C1094-314B-4853-9B21-D1FACEB8D3C4}.Dev|Any CPU.Build.0 = Dev|Any CPU
		{767C1094-314B-4853-9B21-D1FACEB8D3C4}.Prod|Any CPU.ActiveCfg = Prod|Any CPU
		{767C1094-314B-4853-9B21-D1FACEB8D3C4}.Prod|Any CPU.Build.0 = Prod|Any CPU
		{767C1094-314B-4853-9B21-D1FACEB8D3C4}.QA|Any CPU.ActiveCfg = QA|Any CPU
		{767C1094-314B-4853-9B21-D1FACEB8D3C4}.QA|Any CPU.Build.0 = QA|Any CPU
		{767C1094-314B-4853-9B21-D1FACEB8D3C4}.Release|Any CPU.ActiveCfg = Stage|Any CPU
		{767C1094-314B-4853-9B21-D1FACEB8D3C4}.Release|Any CPU.Build.0 = Stage|Any CPU
		{767C1094-314B-4853-9B21-D1FACEB8D3C4}.Stage|Any CPU.ActiveCfg = Stage|Any CPU
		{767C1094-314B-4853-9B21-D1FACEB8D3C4}.Stage|Any CPU.Build.0 = Stage|Any CPU
	EndGlobalSection
	GlobalSection(SolutionProperties) = preSolution
		HideSolutionNode = FALSE
	EndGlobalSection
	GlobalSection(NestedProjects) = preSolution
		{CA553B5B-AE94-4EF9-853C-B17EAE43609E} = {9DAD0B7B-D8CC-4D0C-916B-448AE7EBB7B2}
		{F1253C90-D844-4031-982C-E539E3E73900} = {4CCBDF18-2808-4D5C-8D8E-8BD7E10D62A7}
		{8C786ED6-F889-481B-A819-D695C825F386} = {AC0F29A9-9E60-4C97-A366-BED0073EC09E}
		{978B1789-ECBD-4C90-B23F-3CF9D8E8EAE6} = {AC0F29A9-9E60-4C97-A366-BED0073EC09E}
		{BD699A01-F2EF-466A-87AD-DB6901B2262A} = {3A68F61D-EFAE-4804-8575-4694AE36CC4B}
		{8F9C4954-B60B-4959-9CC6-C6036E3F8390} = {4CCBDF18-2808-4D5C-8D8E-8BD7E10D62A7}
		{767C1094-314B-4853-9B21-D1FACEB8D3C4} = {4CCBDF18-2808-4D5C-8D8E-8BD7E10D62A7}
	EndGlobalSection
	GlobalSection(ExtensibilityGlobals) = postSolution
		EnterpriseLibraryConfigurationToolBinariesPathV6 = packages\EnterpriseLibrary.Common.6.0.1304.0\lib\NET45;packages\EnterpriseLibrary.Logging.6.0.1304.0\lib\NET45
		SolutionGuid = {6A9BE76B-620A-4604-BBAB-3F7A9934FEE1}
	EndGlobalSection
EndGlobal
